
Microsoft Visual Studio Solution File, Format Version 12.00
# Visual Studio Version 17
VisualStudioVersion = 17.5.33502.453
MinimumVisualStudioVersion = 10.0.40219.1
Project("{9A19103F-16F7-4668-BE54-9A1E7A4F7556}") = "Ascend-Server.api", "Ascend-Server.api.csproj", "{5F1D3E06-76A2-4223-9287-9658CFD57650}"
EndProject
Global
	GlobalSection(SolutionConfigurationPlatforms) = preSolution
		Debug|Any CPU = Debug|Any CPU
		Release|Any CPU = Release|Any CPU
	EndGlobalSection
	GlobalSection(ProjectConfigurationPlatforms) = postSolution
		{5F1D3E06-76A2-4223-9287-9658CFD57650}.Debug|Any CPU.ActiveCfg = Debug|Any CPU
		{5F1D3E06-76A2-4223-9287-9658CFD57650}.Debug|Any CPU.Build.0 = Debug|Any CPU
		{5F1D3E06-76A2-4223-9287-9658CFD57650}.Release|Any CPU.ActiveCfg = Release|Any CPU
		{5F1D3E06-76A2-4223-9287-9658CFD57650}.Release|Any CPU.Build.0 = Release|Any CPU
	EndGlobalSection
	GlobalSection(SolutionProperties) = preSolution
		HideSolutionNode = FALSE
	EndGlobalSection
	GlobalSection(ExtensibilityGlobals) = postSolution
		SolutionGuid = {40E239AD-1C3C-44AE-9DFC-E96C1108BCBA}
	EndGlobalSection
EndGlobal
